// !$*UTF8*$!
{
	archiveVersion = 1;
	classes = {
	};
	objectVersion = 48;
	objects = {

/* Begin PBXBuildFile section */
		C01BE3971FAF9476008F3C60 /* AppDelegate.swift in Sources */ = {isa = PBXBuildFile; fileRef = C01BE3961FAF9476008F3C60 /* AppDelegate.swift */; };
		C01BE3991FAF9476008F3C60 /* ViewController.swift in Sources */ = {isa = PBXBuildFile; fileRef = C01BE3981FAF9476008F3C60 /* ViewController.swift */; };
		C01BE39C1FAF9476008F3C60 /* Main.storyboard in Resources */ = {isa = PBXBuildFile; fileRef = C01BE39A1FAF9476008F3C60 /* Main.storyboard */; };
		C01BE39E1FAF9476008F3C60 /* Assets.xcassets in Resources */ = {isa = PBXBuildFile; fileRef = C01BE39D1FAF9476008F3C60 /* Assets.xcassets */; };
		C01BE3A11FAF9476008F3C60 /* LaunchScreen.storyboard in Resources */ = {isa = PBXBuildFile; fileRef = C01BE39F1FAF9476008F3C60 /* LaunchScreen.storyboard */; };
		C01BE3A91FAF94D5008F3C60 /* QuartzFunView.swift in Sources */ = {isa = PBXBuildFile; fileRef = C01BE3A81FAF94D5008F3C60 /* QuartzFunView.swift */; };
		C01BE3AB1FB0435C008F3C60 /* PushButton.swift in Sources */ = {isa = PBXBuildFile; fileRef = C01BE3AA1FB0435C008F3C60 /* PushButton.swift */; };
		C01BE3AD1FB063BB008F3C60 /* CounterView.swift in Sources */ = {isa = PBXBuildFile; fileRef = C01BE3AC1FB063BB008F3C60 /* CounterView.swift */; };
/* End PBXBuildFile section */

/* Begin PBXFileReference section */
		C01BE3931FAF9476008F3C60 /* QuartzFun.app */ = {isa = PBXFileReference; explicitFileType = wrapper.application; includeInIndex = 0; path = QuartzFun.app; sourceTree = BUILT_PRODUCTS_DIR; };
		C01BE3961FAF9476008F3C60 /* AppDelegate.swift */ = {isa = PBXFileReference; lastKnownFileType = sourcecode.swift; path = AppDelegate.swift; sourceTree = "<group>"; };
		C01BE3981FAF9476008F3C60 /* ViewController.swift */ = {isa = PBXFileReference; lastKnownFileType = sourcecode.swift; path = ViewController.swift; sourceTree = "<group>"; };
		C01BE39B1FAF9476008F3C60 /* Base */ = {isa = PBXFileReference; lastKnownFileType = file.storyboard; name = Base; path = Base.lproj/Main.storyboard; sourceTree = "<group>"; };
		C01BE39D1FAF9476008F3C60 /* Assets.xcassets */ = {isa = PBXFileReference; lastKnownFileType = folder.assetcatalog; path = Assets.xcassets; sourceTree = "<group>"; };
		C01BE3A01FAF9476008F3C60 /* Base */ = {isa = PBXFileReference; lastKnownFileType = file.storyboard; name = Base; path = Base.lproj/LaunchScreen.storyboard; sourceTree = "<group>"; };
		C01BE3A21FAF9476008F3C60 /* Info.plist */ = {isa = PBXFileReference; lastKnownFileType = text.plist.xml; path = Info.plist; sourceTree = "<group>"; };
		C01BE3A81FAF94D5008F3C60 /* QuartzFunView.swift */ = {isa = PBXFileReference; lastKnownFileType = sourcecode.swift; path = QuartzFunView.swift; sourceTree = "<group>"; };
		C01BE3AA1FB0435C008F3C60 /* PushButton.swift */ = {isa = PBXFileReference; lastKnownFileType = sourcecode.swift; path = PushButton.swift; sourceTree = "<group>"; };
		C01BE3AC1FB063BB008F3C60 /* CounterView.swift */ = {isa = PBXFileReference; lastKnownFileType = sourcecode.swift; path = CounterView.swift; sourceTree = "<group>"; };
/* End PBXFileReference section */

/* Begin PBXFrameworksBuildPhase section */
		C01BE3901FAF9476008F3C60 /* Frameworks */ = {
			isa = PBXFrameworksBuildPhase;
			buildActionMask = 2147483647;
			files = (
			);
			runOnlyForDeploymentPostprocessing = 0;
		};
/* End PBXFrameworksBuildPhase section */

/* Begin PBXGroup section */
		C01BE38A1FAF9475008F3C60 = {
			isa = PBXGroup;
			children = (
				C01BE3951FAF9476008F3C60 /* QuartzFun */,
				C01BE3941FAF9476008F3C60 /* Products */,
			);
			sourceTree = "<group>";
		};
		C01BE3941FAF9476008F3C60 /* Products */ = {
			isa = PBXGroup;
			children = (
				C01BE3931FAF9476008F3C60 /* QuartzFun.app */,
			);
			name = Products;
			sourceTree = "<group>";
		};
		C01BE3951FAF9476008F3C60 /* QuartzFun */ = {
			isa = PBXGroup;
			children = (
				C01BE3961FAF9476008F3C60 /* AppDelegate.swift */,
				C01BE3981FAF9476008F3C60 /* ViewController.swift */,
				C01BE39A1FAF9476008F3C60 /* Main.storyboard */,
				C01BE3AC1FB063BB008F3C60 /* CounterView.swift */,
				C01BE3AA1FB0435C008F3C60 /* PushButton.swift */,
				C01BE39D1FAF9476008F3C60 /* Assets.xcassets */,
				C01BE39F1FAF9476008F3C60 /* LaunchScreen.storyboard */,
				C01BE3A21FAF9476008F3C60 /* Info.plist */,
				C01BE3A81FAF94D5008F3C60 /* QuartzFunView.swift */,
			);
			path = QuartzFun;
			sourceTree = "<group>";
		};
/* End PBXGroup section */

/* Begin PBXNativeTarget section */
		C01BE3921FAF9476008F3C60 /* QuartzFun */ = {
			isa = PBXNativeTarget;
			buildConfigurationList = C01BE3A51FAF9476008F3C60 /* Build configuration list for PBXNativeTarget "QuartzFun" */;
			buildPhases = (
				C01BE38F1FAF9476008F3C60 /* Sources */,
				C01BE3901FAF9476008F3C60 /* Frameworks */,
				C01BE3911FAF9476008F3C60 /* Resources */,
			);
			buildRules = (
			);
			dependencies = (
			);
			name = QuartzFun;
			productName = QuartzFun;
			productReference = C01BE3931FAF9476008F3C60 /* QuartzFun.app */;
			productType = "com.apple.product-type.application";
		};
/* End PBXNativeTarget section */

/* Begin PBXProject section */
		C01BE38B1FAF9475008F3C60 /* Project object */ = {
			isa = PBXProject;
			attributes = {
				LastSwiftUpdateCheck = 0910;
				LastUpgradeCheck = 0940;
				ORGANIZATIONNAME = dhard;
				TargetAttributes = {
					C01BE3921FAF9476008F3C60 = {
						CreatedOnToolsVersion = 9.1;
						ProvisioningStyle = Automatic;
					};
				};
			};
			buildConfigurationList = C01BE38E1FAF9475008F3C60 /* Build configuration list for PBXProject "QuartzFun" */;
			compatibilityVersion = "Xcode 8.0";
			developmentRegion = en;
			hasScannedForEncodings = 0;
			knownRegions = (
				en,
				Base,
			);
			mainGroup = C01BE38A1FAF9475008F3C60;
			productRefGroup = C01BE3941FAF9476008F3C60 /* Products */;
			projectDirPath = "";
			projectRoot = "";
			targets = (
				C01BE3921FAF9476008F3C60 /* QuartzFun */,
			);
		};
/* End PBXProject section */

/* Begin PBXResourcesBuildPhase section */
		C01BE3911FAF9476008F3C60 /* Resources */ = {
			isa = PBXResourcesBuildPhase;
			buildActionMask = 2147483647;
			files = (
				C01BE3A11FAF9476008F3C60 /* LaunchScreen.storyboard in Resources */,
				C01BE39E1FAF9476008F3C60 /* Assets.xcassets in Resources */,
				C01BE39C1FAF9476008F3C60 /* Main.storyboard in Resources */,
			);
			runOnlyForDeploymentPostprocessing = 0;
		};
/* End PBXResourcesBuildPhase section */

/* Begin PBXSourcesBuildPhase section */
		C01BE38F1FAF9476008F3C60 /* Sources */ = {
			isa = PBXSourcesBuildPhase;
			buildActionMask = 2147483647;
			files = (
				C01BE3A91FAF94D5008F3C60 /* QuartzFunView.swift in Sources */,
				C01BE3991FAF9476008F3C60 /* ViewController.swift in Sources */,
				C01BE3971FAF9476008F3C60 /* AppDelegate.swift in Sources */,
				C01BE3AB1FB0435C008F3C60 /* PushButton.swift in Sources */,
				C01BE3AD1FB063BB008F3C60 /* CounterView.swift in Sources */,
			);
			runOnlyForDeploymentPostprocessing = 0;
		};
/* End PBXSourcesBuildPhase section */

/* Begin PBXVariantGroup section */
		C01BE39A1FAF9476008F3C60 /* Main.storyboard */ = {
			isa = PBXVariantGroup;
			children = (
				C01BE39B1FAF9476008F3C60 /* Base */,
			);
			name = Main.storyboard;
			sourceTree = "<group>";
		};
		C01BE39F1FAF9476008F3C60 /* LaunchScreen.storyboard */ = {
			isa = PBXVariantGroup;
			children = (
				C01BE3A01FAF9476008F3C60 /* Base */,
			);
			name = LaunchScreen.storyboard;
			sourceTree = "<group>";
		};
/* End PBXVariantGroup section */

/* Begin XCBuildConfiguration section */
		C01BE3A31FAF9476008F3C60 /* Debug */ = {
			isa = XCBuildConfiguration;
			buildSettings = {
				ALWAYS_SEARCH_USER_PATHS = NO;
				CLANG_ANALYZER_NONNULL = YES;
				CLANG_ANALYZER_NUMBER_OBJECT_CONVERSION = YES_AGGRESSIVE;
				CLANG_CXX_LANGUAGE_STANDARD = "gnu++14";
				CLANG_CXX_LIBRARY = "libc++";
				CLANG_ENABLE_MODULES = YES;
				CLANG_ENABLE_OBJC_ARC = YES;
				CLANG_WARN_BLOCK_CAPTURE_AUTORELEASING = YES;
				CLANG_WARN_BOOL_CONVERSION = YES;
				CLANG_WARN_COMMA = YES;
				CLANG_WARN_CONSTANT_CONVERSION = YES;
				CLANG_WARN_DEPRECATED_OBJC_IMPLEMENTATIONS = YES;
				CLANG_WARN_DIRECT_OBJC_ISA_USAGE = YES_ERROR;
				CLANG_WARN_DOCUMENTATION_COMMENTS = YES;
				CLANG_WARN_EMPTY_BODY = YES;
				CLANG_WARN_ENUM_CONVERSION = YES;
				CLANG_WARN_INFINITE_RECURSION = YES;
				CLANG_WARN_INT_CONVERSION = YES;
				CLANG_WARN_NON_LITERAL_NULL_CONVERSION = YES;
				CLANG_WARN_OBJC_IMPLICIT_RETAIN_SELF = YES;
				CLANG_WARN_OBJC_LITERAL_CONVERSION = YES;
				CLANG_WARN_OBJC_ROOT_CLASS = YES_ERROR;
				CLANG_WARN_RANGE_LOOP_ANALYSIS = YES;
				CLANG_WARN_STRICT_PROTOTYPES = YES;
				CLANG_WARN_SUSPICIOUS_MOVE = YES;
				CLANG_WARN_UNGUARDED_AVAILABILITY = YES_AGGRESSIVE;
				CLANG_WARN_UNREACHABLE_CODE = YES;
				CLANG_WARN__DUPLICATE_METHOD_MATCH = YES;
				CODE_SIGN_IDENTITY = "iPhone Developer";
				COPY_PHASE_STRIP = NO;
				DEBUG_INFORMATION_FORMAT = dwarf;
				ENABLE_STRICT_OBJC_MSGSEND = YES;
				ENABLE_TESTABILITY = YES;
				GCC_C_LANGUAGE_STANDARD = gnu11;
				GCC_DYNAMIC_NO_PIC = NO;
				GCC_NO_COMMON_BLOCKS = YES;
				GCC_OPTIMIZATION_LEVEL = 0;
				GCC_PREPROCESSOR_DEFINITIONS = (
					"DEBUG=1",
					"$(inherited)",
				);
				GCC_WARN_64_TO_32_BIT_CONVERSION = YES;
				GCC_WARN_ABOUT_RETURN_TYPE = YES_ERROR;
				GCC_WARN_UNDECLARED_SELECTOR = YES;
				GCC_WARN_UNINITIALIZED_AUTOS = YES_AGGRESSIVE;
				GCC_WARN_UNUSED_FUNCTION = YES;
				GCC_WARN_UNUSED_VARIABLE = YES;
				IPHONEOS_DEPLOYMENT_TARGET = 11.1;
				MTL_ENABLE_DEBUG_INFO = YES;
				ONLY_ACTIVE_ARCH = YES;
				SDKROOT = iphoneos;
				SWIFT_ACTIVE_COMPILATION_CONDITIONS = DEBUG;
				SWIFT_OPTIMIZATION_LEVEL = "-Onone";
			};
			name = Debug;
		};
		C01BE3A41FAF9476008F3C60 /* Release */ = {
			isa = XCBuildConfiguration;
			buildSettings = {
				ALWAYS_SEARCH_USER_PATHS = NO;
				CLANG_ANALYZER_NONNULL = YES;
				CLANG_ANALYZER_NUMBER_OBJECT_CONVERSION = YES_AGGRESSIVE;
				CLANG_CXX_LANGUAGE_STANDARD = "gnu++14";
				CLANG_CXX_LIBRARY = "libc++";
				CLANG_ENABLE_MODULES = YES;
				CLANG_ENABLE_OBJC_ARC = YES;
				CLANG_WARN_BLOCK_CAPTURE_AUTORELEASING = YES;
				CLANG_WARN_BOOL_CONVERSION = YES;
				CLANG_WARN_COMMA = YES;
				CLANG_WARN_CONSTANT_CONVERSION = YES;
				CLANG_WARN_DEPRECATED_OBJC_IMPLEMENTATIONS = YES;
				CLANG_WARN_DIRECT_OBJC_ISA_USAGE = YES_ERROR;
				CLANG_WARN_DOCUMENTATION_COMMENTS = YES;
				CLANG_WARN_EMPTY_BODY = YES;
				CLANG_WARN_ENUM_CONVERSION = YES;
				CLANG_WARN_INFINITE_RECURSION = YES;
				CLANG_WARN_INT_CONVERSION = YES;
				CLANG_WARN_NON_LITERAL_NULL_CONVERSION = YES;
				CLANG_WARN_OBJC_IMPLICIT_RETAIN_SELF = YES;
				CLANG_WARN_OBJC_LITERAL_CONVERSION = YES;
				CLANG_WARN_OBJC_ROOT_CLASS = YES_ERROR;
				CLANG_WARN_RANGE_LOOP_ANALYSIS = YES;
				CLANG_WARN_STRICT_PROTOTYPES = YES;
				CLANG_WARN_SUSPICIOUS_MOVE = YES;
				CLANG_WARN_UNGUARDED_AVAILABILITY = YES_AGGRESSIVE;
				CLANG_WARN_UNREACHABLE_CODE = YES;
				CLANG_WARN__DUPLICATE_METHOD_MATCH = YES;
				CODE_SIGN_IDENTITY = "iPhone Developer";
				COPY_PHASE_STRIP = NO;
				DEBUG_INFORMATION_FORMAT = "dwarf-with-dsym";
				ENABLE_NS_ASSERTIONS = NO;
				ENABLE_STRICT_OBJC_MSGSEND = YES;
				GCC_C_LANGUAGE_STANDARD = gnu11;
				GCC_NO_COMMON_BLOCKS = YES;
				GCC_WARN_64_TO_32_BIT_CONVERSION = YES;
				GCC_WARN_ABOUT_RETURN_TYPE = YES_ERROR;
				GCC_WARN_UNDECLARED_SELECTOR = YES;
				GCC_WARN_UNINITIALIZED_AUTOS = YES_AGGRESSIVE;
				GCC_WARN_UNUSED_FUNCTION = YES;
				GCC_WARN_UNUSED_VARIABLE = YES;
				IPHONEOS_DEPLOYMENT_TARGET = 11.1;
				MTL_ENABLE_DEBUG_INFO = NO;
				SDKROOT = iphoneos;
				SWIFT_OPTIMIZATION_LEVEL = "-Owholemodule";
				VALIDATE_PRODUCT = YES;
			};
			name = Release;
		};
		C01BE3A61FAF9476008F3C60 /* Debug */ = {
			isa = XCBuildConfiguration;
			buildSettings = {
				ASSETCATALOG_COMPILER_APPICON_NAME = AppIcon;
				CODE_SIGN_STYLE = Automatic;
				DEVELOPMENT_TEAM = 95U9TW7C87;
				INFOPLIST_FILE = QuartzFun/Info.plist;
				LD_RUNPATH_SEARCH_PATHS = "$(inherited) @executable_path/Frameworks";
				PRODUCT_BUNDLE_IDENTIFIER = "-1.QuartzFun";
				PRODUCT_NAME = "$(TARGET_NAME)";
				SWIFT_VERSION = 4.0;
				TARGETED_DEVICE_FAMILY = "1,2";
			};
			name = Debug;
		};
		C01BE3A71FAF9476008F3C60 /* Release */ = {
			isa = XCBuildConfiguration;
			buildSettings = {
				ASSETCATALOG_COMPILER_APPICON_NAME = AppIcon;
				CODE_SIGN_STYLE = Automatic;
				DEVELOPMENT_TEAM = 95U9TW7C87;
				INFOPLIST_FILE = QuartzFun/Info.plist;
				LD_RUNPATH_SEARCH_PATHS = "$(inherited) @executable_path/Frameworks";
				PRODUCT_BUNDLE_IDENTIFIER = "-1.QuartzFun";
				PRODUCT_NAME = "$(TARGET_NAME)";
				SWIFT_VERSION = 4.0;
				TARGETED_DEVICE_FAMILY = "1,2";
			};
			name = Release;
		};
/* End XCBuildConfiguration section */

/* Begin XCConfigurationList section */
		C01BE38E1FAF9475008F3C60 /* Build configuration list for PBXProject "QuartzFun" */ = {
			isa = XCConfigurationList;
			buildConfigurations = (
				C01BE3A31FAF9476008F3C60 /* Debug */,
				C01BE3A41FAF9476008F3C60 /* Release */,
			);
			defaultConfigurationIsVisible = 0;
			defaultConfigurationName = Release;
		};
		C01BE3A51FAF9476008F3C60 /* Build configuration list for PBXNativeTarget "QuartzFun" */ = {
			isa = XCConfigurationList;
			buildConfigurations = (
				C01BE3A61FAF9476008F3C60 /* Debug */,
				C01BE3A71FAF9476008F3C60 /* Release */,
			);
			defaultConfigurationIsVisible = 0;
			defaultConfigurationName = Release;
		};
/* End XCConfigurationList section */
	};
	rootObject = C01BE38B1FAF9475008F3C60 /* Project object */;
}
